
Microsoft Visual Studio Solution File, Format Version 12.00
# Visual Studio Version 16
VisualStudioVersion = 16.0.31729.503
MinimumVisualStudioVersion = 10.0.40219.1
Project("{FAE04EC0-301F-11D3-BF4B-00C04F79EFBC}") = "Laborator 5", "Laborator 5\Laborator 5.csproj", "{ADD18DD5-5EC0-4DD0-99E6-2C36DD51CE77}"
EndProject
Global
	GlobalSection(SolutionConfigurationPlatforms) = preSolution
		Debug|Any CPU = Debug|Any CPU
		Release|Any CPU = Release|Any CPU
	EndGlobalSection
	GlobalSection(ProjectConfigurationPlatforms) = postSolution
		{ADD18DD5-5EC0-4DD0-99E6-2C36DD51CE77}.Debug|Any CPU.ActiveCfg = Debug|Any CPU
		{ADD18DD5-5EC0-4DD0-99E6-2C36DD51CE77}.Debug|Any CPU.Build.0 = Debug|Any CPU
		{ADD18DD5-5EC0-4DD0-99E6-2C36DD51CE77}.Release|Any CPU.ActiveCfg = Release|Any CPU
		{ADD18DD5-5EC0-4DD0-99E6-2C36DD51CE77}.Release|Any CPU.Build.0 = Release|Any CPU
	EndGlobalSection
	GlobalSection(SolutionProperties) = preSolution
		HideSolutionNode = FALSE
	EndGlobalSection
	GlobalSection(ExtensibilityGlobals) = postSolution
		SolutionGuid = {C6B050C7-0321-46BD-B082-2E69456553E1}
	EndGlobalSection
EndGlobal
